
Microsoft Visual Studio Solution File, Format Version 12.00
# Visual Studio 14
VisualStudioVersion = 14.0.25420.1
MinimumVisualStudioVersion = 10.0.40219.1
Project("{FAE04EC0-301F-11D3-BF4B-00C04F79EFBC}") = "GADashboard.Web", "GADashboard.Web\GADashboard.Web.csproj", "{480B822E-215B-4A5D-B2C1-703C77C8440F}"
EndProject
Project("{FAE04EC0-301F-11D3-BF4B-00C04F79EFBC}") = "GADashboard.Domain", "GADashboard.Model\GADashboard.Domain.csproj", "{0FA48A7C-4FA6-4F74-8FD0-54B74E56420C}"
EndProject
Project("{FAE04EC0-301F-11D3-BF4B-00C04F79EFBC}") = "GADashboard.DAL", "GADashboard.DAL\GADashboard.DAL.csproj", "{5876175E-E20F-48D0-8437-3BA955E1EC6D}"
EndProject
Global
	GlobalSection(SolutionConfigurationPlatforms) = preSolution
		Debug|Any CPU = Debug|Any CPU
		Release|Any CPU = Release|Any CPU
	EndGlobalSection
	GlobalSection(ProjectConfigurationPlatforms) = postSolution
		{480B822E-215B-4A5D-B2C1-703C77C8440F}.Debug|Any CPU.ActiveCfg = Debug|Any CPU
		{480B822E-215B-4A5D-B2C1-703C77C8440F}.Debug|Any CPU.Build.0 = Debug|Any CPU
		{480B822E-215B-4A5D-B2C1-703C77C8440F}.Release|Any CPU.ActiveCfg = Release|Any CPU
		{480B822E-215B-4A5D-B2C1-703C77C8440F}.Release|Any CPU.Build.0 = Release|Any CPU
		{0FA48A7C-4FA6-4F74-8FD0-54B74E56420C}.Debug|Any CPU.ActiveCfg = Debug|Any CPU
		{0FA48A7C-4FA6-4F74-8FD0-54B74E56420C}.Debug|Any CPU.Build.0 = Debug|Any CPU
		{0FA48A7C-4FA6-4F74-8FD0-54B74E56420C}.Release|Any CPU.ActiveCfg = Release|Any CPU
		{0FA48A7C-4FA6-4F74-8FD0-54B74E56420C}.Release|Any CPU.Build.0 = Release|Any CPU
		{5876175E-E20F-48D0-8437-3BA955E1EC6D}.Debug|Any CPU.ActiveCfg = Debug|Any CPU
		{5876175E-E20F-48D0-8437-3BA955E1EC6D}.Debug|Any CPU.Build.0 = Debug|Any CPU
		{5876175E-E20F-48D0-8437-3BA955E1EC6D}.Release|Any CPU.ActiveCfg = Release|Any CPU
		{5876175E-E20F-48D0-8437-3BA955E1EC6D}.Release|Any CPU.Build.0 = Release|Any CPU
	EndGlobalSection
	GlobalSection(SolutionProperties) = preSolution
		HideSolutionNode = FALSE
	EndGlobalSection
EndGlobal
